<?xml version="1.0" encoding="utf-8"?>
<Project ToolsVersion="4.0" xmlns="http://schemas.microsoft.com/developer/msbuild/2003">
  <ItemGroup>
    <Filter Include="Source Files">
      <UniqueIdentifier>{4FC737F1-C7A5-4376-A066-2A32D752A2FF}</UniqueIdentifier>
      <Extensions>cpp;c;cc;cxx;def;odl;idl;hpj;bat;asm;asmx</Extensions>
    </Filter>
    <Filter Include="Header Files">
      <UniqueIdentifier>{93995380-89BD-4b04-88EB-625FBE52EBFB}</UniqueIdentifier>
      <Extensions>h;hh;hpp;hxx;hm;inl;inc;ipp;xsd</Extensions>
    </Filter>
    <Filter Include="Resource Files">
      <UniqueIdentifier>{67DA6AB6-F800-4c08-8B7A-83BB121AAD01}</UniqueIdentifier>
      <Extensions>rc;ico;cur;bmp;dlg;rc2;rct;bin;rgs;gif;jpg;jpeg;jpe;resx;tiff;tif;png;wav;mfcribbon-ms</Extensions>
    </Filter>
    <Filter Include="core">
      <UniqueIdentifier>{d8b496bd-af6e-4b6a-8889-53bdff1c1f43}</UniqueIdentifier>
    </Filter>
    <Filter Include="utils">
      <UniqueIdentifier>{73c00e49-b0f1-4fb8-8dc0-e231f2abd632}</UniqueIdentifier>
    </Filter>
    <Filter Include="shaders">
      <UniqueIdentifier>{76be1e03-efab-46ad-85b7-00c4920c4a13}</UniqueIdentifier>
    </Filter>
    <Filter Include="core\components">
      <UniqueIdentifier>{8801946d-76c1-4a64-9065-fc4b0d8835a0}</UniqueIdentifier>
    </Filter>
    <Filter Include="core\input">
      <UniqueIdentifier>{bc642a03-8abb-40f4-93b7-fbe562486c2a}</UniqueIdentifier>
    </Filter>
    <Filter Include="core\graphics">
      <UniqueIdentifier>{781ae604-c03d-40cd-9bc1-e91aae339d6e}</UniqueIdentifier>
    </Filter>
  </ItemGroup>
  <ItemGroup>
    <ClCompile Include="..\gl\GLAD\src\glad.c">
      <Filter>Source Files</Filter>
    </ClCompile>
    <ClCompile Include="..\gl\STB\stb_image.cpp">
      <Filter>Source Files</Filter>
    </ClCompile>
    <ClCompile Include="src\core\main.cpp">
      <Filter>Source Files</Filter>
    </ClCompile>
    <ClCompile Include="src\core\Application.cpp">
      <Filter>core</Filter>
    </ClCompile>
    <ClCompile Include="src\graphic\Block.cpp">
      <Filter>core\graphics</Filter>
    </ClCompile>
    <ClCompile Include="src\graphic\BlockRenderer.cpp">
      <Filter>core\graphics</Filter>
    </ClCompile>
    <ClCompile Include="src\graphic\Camera.cpp">
      <Filter>core</Filter>
    </ClCompile>
    <ClCompile Include="src\core\Component.cpp">
      <Filter>core</Filter>
    </ClCompile>
    <ClCompile Include="src\graphic\GraphicEngine.cpp">
      <Filter>core\graphics</Filter>
    </ClCompile>
    <ClCompile Include="src\graphic\GraphicModel.cpp">
      <Filter>core\graphics</Filter>
    </ClCompile>
    <ClCompile Include="src\core\Object.cpp">
      <Filter>core</Filter>
    </ClCompile>
    <ClCompile Include="src\core\Player.cpp">
      <Filter>core</Filter>
    </ClCompile>
    <ClCompile Include="src\graphic\Shader.cpp">
      <Filter>core\graphics</Filter>
    </ClCompile>
    <ClCompile Include="src\graphic\Texture.cpp">
      <Filter>core\graphics</Filter>
    </ClCompile>
    <ClCompile Include="src\core\components\CameraComponent.cpp">
      <Filter>core\components</Filter>
    </ClCompile>
    <ClCompile Include="src\core\components\GraphicComponent.cpp">
      <Filter>core\components</Filter>
    </ClCompile>
    <ClCompile Include="src\core\components\InputComponent.cpp">
      <Filter>core\components</Filter>
    </ClCompile>
    <ClCompile Include="src\core\Input.cpp">
      <Filter>core\input</Filter>
    </ClCompile>
    <ClCompile Include="src\core\InputContext.cpp">
      <Filter>core\input</Filter>
    </ClCompile>
    <ClCompile Include="src\core\InputMapper.cpp">
      <Filter>core\input</Filter>
    </ClCompile>
    <ClCompile Include="src\core\RangeConverter.cpp">
      <Filter>core\input</Filter>
    </ClCompile>
    <ClCompile Include="src\core\StageManager.cpp">
      <Filter>core</Filter>
    </ClCompile>
    <ClCompile Include="src\core\ObjectManager.cpp">
      <Filter>core</Filter>
    </ClCompile>
    <ClCompile Include="MyStage.cpp">
      <Filter>Source Files</Filter>
    </ClCompile>
    <ClCompile Include="Chunk.cpp">
      <Filter>Source Files</Filter>
    </ClCompile>
    <ClCompile Include="ChunkRenderer.cpp">
      <Filter>Source Files</Filter>
    </ClCompile>
    <ClCompile Include="World.cpp">
      <Filter>Source Files</Filter>
    </ClCompile>
    <ClCompile Include="PerlinNoise.cpp">
      <Filter>Source Files</Filter>
    </ClCompile>
    <ClCompile Include="Generator.cpp">
      <Filter>Source Files</Filter>
    </ClCompile>
    <ClCompile Include="Frustum.cpp">
      <Filter>Source Files</Filter>
    </ClCompile>
    <ClCompile Include="Plane.cpp">
      <Filter>Source Files</Filter>
    </ClCompile>
  </ItemGroup>
  <ItemGroup>
    <ClInclude Include="src\graphic\Texture.h">
      <Filter>core\graphics</Filter>
    </ClInclude>
    <ClInclude Include="src\utils\Singleton.h">
      <Filter>utils</Filter>
    </ClInclude>
    <ClInclude Include="src\graphic\Shader.h">
      <Filter>core\graphics</Filter>
    </ClInclude>
    <ClInclude Include="src\core\Player.h">
      <Filter>core</Filter>
    </ClInclude>
    <ClInclude Include="src\core\Object.h">
      <Filter>core</Filter>
    </ClInclude>
    <ClInclude Include="src\graphic\GraphicModel.h">
      <Filter>core\graphics</Filter>
    </ClInclude>
    <ClInclude Include="src\graphic\GraphicEngine.h">
      <Filter>core\graphics</Filter>
    </ClInclude>
    <ClInclude Include="src\graphic\Camera.h">
      <Filter>core</Filter>
    </ClInclude>
    <ClInclude Include="src\graphic\BlockType.h">
      <Filter>core\graphics</Filter>
    </ClInclude>
    <ClInclude Include="src\graphic\BlockRenderer.h">
      <Filter>core\graphics</Filter>
    </ClInclude>
    <ClInclude Include="src\graphic\Block.h">
      <Filter>core\graphics</Filter>
    </ClInclude>
    <ClInclude Include="src\core\Application.h">
      <Filter>core</Filter>
    </ClInclude>
    <ClInclude Include="..\gl\STB\stb_image.h">
      <Filter>Header Files</Filter>
    </ClInclude>
    <ClInclude Include="src\core\components\CameraComponent.h">
      <Filter>core\components</Filter>
    </ClInclude>
    <ClInclude Include="src\core\ComponentType.h">
      <Filter>core\components</Filter>
    </ClInclude>
    <ClInclude Include="src\core\components\InputComponent.h">
      <Filter>core\components</Filter>
    </ClInclude>
    <ClInclude Include="src\core\components\GraphicComponent.h">
      <Filter>core\components</Filter>
    </ClInclude>
    <ClInclude Include="src\core\Input.h">
      <Filter>core\input</Filter>
    </ClInclude>
    <ClInclude Include="src\core\input_const.h">
      <Filter>core\input</Filter>
    </ClInclude>
    <ClInclude Include="src\core\InputContext.h">
      <Filter>core\input</Filter>
    </ClInclude>
    <ClInclude Include="src\core\InputMapper.h">
      <Filter>core\input</Filter>
    </ClInclude>
    <ClInclude Include="src\core\RangeConverter.h">
      <Filter>core\input</Filter>
    </ClInclude>
    <ClInclude Include="src\core\RawInput.h">
      <Filter>core\input</Filter>
    </ClInclude>
    <ClInclude Include="src\core\Component.h">
      <Filter>core</Filter>
    </ClInclude>
    <ClInclude Include="src\core\ObjectManager.h">
      <Filter>core</Filter>
    </ClInclude>
    <ClInclude Include="src\core\Stage.h">
      <Filter>core</Filter>
    </ClInclude>
    <ClInclude Include="src\core\StageManager.h">
      <Filter>core</Filter>
    </ClInclude>
    <ClInclude Include="MyStage.h">
      <Filter>Header Files</Filter>
    </ClInclude>
    <ClInclude Include="Chunk.h">
      <Filter>Header Files</Filter>
    </ClInclude>
    <ClInclude Include="ChunkRenderer.h">
      <Filter>Header Files</Filter>
    </ClInclude>
    <ClInclude Include="World.h">
      <Filter>Header Files</Filter>
    </ClInclude>
    <ClInclude Include="PerlinNoise.h">
      <Filter>Header Files</Filter>
    </ClInclude>
    <ClInclude Include="Generator.h">
      <Filter>Header Files</Filter>
    </ClInclude>
    <ClInclude Include="Frustum.h">
      <Filter>Header Files</Filter>
    </ClInclude>
    <ClInclude Include="Plane.h">
      <Filter>Header Files</Filter>
    </ClInclude>
  </ItemGroup>
  <ItemGroup>
    <Image Include="res\textures\grass.jpg">
      <Filter>Resource Files</Filter>
    </Image>
  </ItemGroup>
  <ItemGroup>
    <None Include="src\shaders\frag_shader.glsl">
      <Filter>shaders</Filter>
    </None>
    <None Include="src\shaders\vert_shader.glsl">
      <Filter>shaders</Filter>
    </None>
  </ItemGroup>
</Project>